
Microsoft Visual Studio Solution File, Format Version 12.00
# Visual Studio Version 16
VisualStudioVersion = 16.0.31019.35
MinimumVisualStudioVersion = 10.0.40219.1
Project("{2150E333-8FDC-42A3-9474-1A3956D46DE8}") = "src", "src", "{AE36933A-C557-4901-AC36-9025A7E78952}"
EndProject
Project("{FAE04EC0-301F-11D3-BF4B-00C04F79EFBC}") = "AutoInject", "src\AutoInject\AutoInject.csproj", "{0C3DDCF4-AB92-47AC-B350-58CD4260FAF1}"
EndProject
Global
	GlobalSection(SolutionConfigurationPlatforms) = preSolution
		Debug|Any CPU = Debug|Any CPU
		Release|Any CPU = Release|Any CPU
	EndGlobalSection
	GlobalSection(ProjectConfigurationPlatforms) = postSolution
		{0C3DDCF4-AB92-47AC-B350-58CD4260FAF1}.Debug|Any CPU.ActiveCfg = Debug|Any CPU
		{0C3DDCF4-AB92-47AC-B350-58CD4260FAF1}.Debug|Any CPU.Build.0 = Debug|Any CPU
		{0C3DDCF4-AB92-47AC-B350-58CD4260FAF1}.Release|Any CPU.ActiveCfg = Release|Any CPU
		{0C3DDCF4-AB92-47AC-B350-58CD4260FAF1}.Release|Any CPU.Build.0 = Release|Any CPU
	EndGlobalSection
	GlobalSection(SolutionProperties) = preSolution
		HideSolutionNode = FALSE
	EndGlobalSection
	GlobalSection(NestedProjects) = preSolution
		{0C3DDCF4-AB92-47AC-B350-58CD4260FAF1} = {AE36933A-C557-4901-AC36-9025A7E78952}
	EndGlobalSection
	GlobalSection(ExtensibilityGlobals) = postSolution
		SolutionGuid = {4B862A88-7031-4A4D-B250-7501E05372D2}
	EndGlobalSection
EndGlobal
